
Microsoft Visual Studio Solution File, Format Version 12.00
# Visual Studio Version 17
VisualStudioVersion = 17.0.32126.317
MinimumVisualStudioVersion = 10.0.40219.1
Project("{FAE04EC0-301F-11D3-BF4B-00C04F79EFBC}") = "ClassLibrary1", "ClassLibrary1\ClassLibrary1.csproj", "{1D8F24EF-0397-462B-991F-ED2FB6C44633}"
EndProject
Global
	GlobalSection(SolutionConfigurationPlatforms) = preSolution
		Debug|Any CPU = Debug|Any CPU
		Release|Any CPU = Release|Any CPU
	EndGlobalSection
	GlobalSection(ProjectConfigurationPlatforms) = postSolution
		{1D8F24EF-0397-462B-991F-ED2FB6C44633}.Debug|Any CPU.ActiveCfg = Debug|Any CPU
		{1D8F24EF-0397-462B-991F-ED2FB6C44633}.Debug|Any CPU.Build.0 = Debug|Any CPU
		{1D8F24EF-0397-462B-991F-ED2FB6C44633}.Release|Any CPU.ActiveCfg = Release|Any CPU
		{1D8F24EF-0397-462B-991F-ED2FB6C44633}.Release|Any CPU.Build.0 = Release|Any CPU
	EndGlobalSection
	GlobalSection(SolutionProperties) = preSolution
		HideSolutionNode = FALSE
	EndGlobalSection
	GlobalSection(ExtensibilityGlobals) = postSolution
		SolutionGuid = {6C02586D-0E2E-416F-9A78-202077EBFF8A}
	EndGlobalSection
EndGlobal
